// !$*UTF8*$!
{
	archiveVersion = 1;
	classes = {
	};
	objectVersion = 77;
	objects = {

/* Begin PBXBuildFile section */
		A34522152EE87434009BD6EA /* POLISH_IMPROVEMENTS.md in Resources */ = {isa = PBXBuildFile; fileRef = A34522142EE87434009BD6EA /* POLISH_IMPROVEMENTS.md */; };
		A3DFA9FB2EEE3FC200620718 /* UI_IMPROVEMENTS.md in Resources */ = {isa = PBXBuildFile; fileRef = A3DFA9FA2EEE3FC200620718 /* UI_IMPROVEMENTS.md */; };
		A3DFA9FD2EEE45F600620718 /* DAILY_CASE_TRACKING.md in Resources */ = {isa = PBXBuildFile; fileRef = A3DFA9FC2EEE45F600620718 /* DAILY_CASE_TRACKING.md */; };
		A3DFA9FF2EEE47FF00620718 /* UI_REFINEMENTS.md in Resources */ = {isa = PBXBuildFile; fileRef = A3DFA9FE2EEE47FF00620718 /* UI_REFINEMENTS.md */; };
		A3DFAA012EEE490900620718 /* PRE_LAUNCH_CHECKLIST.md in Resources */ = {isa = PBXBuildFile; fileRef = A3DFAA002EEE490900620718 /* PRE_LAUNCH_CHECKLIST.md */; };
		A3DFAA032EEE493C00620718 /* AnalyticsManager.swift in Sources */ = {isa = PBXBuildFile; fileRef = A3DFAA022EEE493C00620718 /* AnalyticsManager.swift */; };
		A3DFAA052EEE495100620718 /* OnboardingView.swift in Sources */ = {isa = PBXBuildFile; fileRef = A3DFAA042EEE495100620718 /* OnboardingView.swift */; };
		A3DFAA072EEE49B800620718 /* LAUNCH_GUIDE.md in Resources */ = {isa = PBXBuildFile; fileRef = A3DFAA062EEE49B800620718 /* LAUNCH_GUIDE.md */; };
		A3FEDEA72EF37B11004501F8 /* HapticManager.swift in Sources */ = {isa = PBXBuildFile; fileRef = A3FEDEA62EF37B11004501F8 /* HapticManager.swift */; };
		A3FEDEA92EF37B57004501F8 /* ShareManager.swift in Sources */ = {isa = PBXBuildFile; fileRef = A3FEDEA82EF37B57004501F8 /* ShareManager.swift */; };
/* End PBXBuildFile section */

/* Begin PBXContainerItemProxy section */
		A34521E92EE86FB2009BD6EA /* PBXContainerItemProxy */ = {
			isa = PBXContainerItemProxy;
			containerPortal = A34521CF2EE86FB0009BD6EA /* Project object */;
			proxyType = 1;
			remoteGlobalIDString = A34521D62EE86FB0009BD6EA;
			remoteInfo = Stepordle;
		};
		A34521F32EE86FB2009BD6EA /* PBXContainerItemProxy */ = {
			isa = PBXContainerItemProxy;
			containerPortal = A34521CF2EE86FB0009BD6EA /* Project object */;
			proxyType = 1;
			remoteGlobalIDString = A34521D62EE86FB0009BD6EA;
			remoteInfo = Stepordle;
		};
/* End PBXContainerItemProxy section */

/* Begin PBXFileReference section */
		A34521D72EE86FB0009BD6EA /* Stepordle.app */ = {isa = PBXFileReference; explicitFileType = wrapper.application; includeInIndex = 0; path = Stepordle.app; sourceTree = BUILT_PRODUCTS_DIR; };
		A34521E82EE86FB2009BD6EA /* StepordleTests.xctest */ = {isa = PBXFileReference; explicitFileType = wrapper.cfbundle; includeInIndex = 0; path = StepordleTests.xctest; sourceTree = BUILT_PRODUCTS_DIR; };
		A34521F22EE86FB2009BD6EA /* StepordleUITests.xctest */ = {isa = PBXFileReference; explicitFileType = wrapper.cfbundle; includeInIndex = 0; path = StepordleUITests.xctest; sourceTree = BUILT_PRODUCTS_DIR; };
		A34522142EE87434009BD6EA /* POLISH_IMPROVEMENTS.md */ = {isa = PBXFileReference; lastKnownFileType = net.daringfireball.markdown; path = POLISH_IMPROVEMENTS.md; sourceTree = "<group>"; };
		A3DFA9FA2EEE3FC200620718 /* UI_IMPROVEMENTS.md */ = {isa = PBXFileReference; lastKnownFileType = net.daringfireball.markdown; path = UI_IMPROVEMENTS.md; sourceTree = "<group>"; };
		A3DFA9FC2EEE45F600620718 /* DAILY_CASE_TRACKING.md */ = {isa = PBXFileReference; lastKnownFileType = net.daringfireball.markdown; path = DAILY_CASE_TRACKING.md; sourceTree = "<group>"; };
		A3DFA9FE2EEE47FF00620718 /* UI_REFINEMENTS.md */ = {isa = PBXFileReference; lastKnownFileType = net.daringfireball.markdown; path = UI_REFINEMENTS.md; sourceTree = "<group>"; };
		A3DFAA002EEE490900620718 /* PRE_LAUNCH_CHECKLIST.md */ = {isa = PBXFileReference; lastKnownFileType = net.daringfireball.markdown; path = PRE_LAUNCH_CHECKLIST.md; sourceTree = "<group>"; };
		A3DFAA022EEE493C00620718 /* AnalyticsManager.swift */ = {isa = PBXFileReference; lastKnownFileType = sourcecode.swift; path = AnalyticsManager.swift; sourceTree = "<group>"; };
		A3DFAA042EEE495100620718 /* OnboardingView.swift */ = {isa = PBXFileReference; lastKnownFileType = sourcecode.swift; path = OnboardingView.swift; sourceTree = "<group>"; };
		A3DFAA062EEE49B800620718 /* LAUNCH_GUIDE.md */ = {isa = PBXFileReference; lastKnownFileType = net.daringfireball.markdown; path = LAUNCH_GUIDE.md; sourceTree = "<group>"; };
		A3FEDEA62EF37B11004501F8 /* HapticManager.swift */ = {isa = PBXFileReference; lastKnownFileType = sourcecode.swift; path = HapticManager.swift; sourceTree = "<group>"; };
		A3FEDEA82EF37B57004501F8 /* ShareManager.swift */ = {isa = PBXFileReference; lastKnownFileType = sourcecode.swift; path = ShareManager.swift; sourceTree = "<group>"; };
/* End PBXFileReference section */

/* Begin PBXFileSystemSynchronizedBuildFileExceptionSet section */
		A34521FA2EE86FB2009BD6EA /* Exceptions for "Stepordle" folder in "Stepordle" target */ = {
			isa = PBXFileSystemSynchronizedBuildFileExceptionSet;
			membershipExceptions = (
				Info.plist,
			);
			target = A34521D62EE86FB0009BD6EA /* Stepordle */;
		};
/* End PBXFileSystemSynchronizedBuildFileExceptionSet section */

/* Begin PBXFileSystemSynchronizedRootGroup section */
		A34521D92EE86FB0009BD6EA /* Stepordle */ = {
			isa = PBXFileSystemSynchronizedRootGroup;
			exceptions = (
				A34521FA2EE86FB2009BD6EA /* Exceptions for "Stepordle" folder in "Stepordle" target */,
			);
			path = Stepordle;
			sourceTree = "<group>";
		};
		A34521EB2EE86FB2009BD6EA /* StepordleTests */ = {
			isa = PBXFileSystemSynchronizedRootGroup;
			path = StepordleTests;
			sourceTree = "<group>";
		};
		A34521F52EE86FB2009BD6EA /* StepordleUITests */ = {
			isa = PBXFileSystemSynchronizedRootGroup;
			path = StepordleUITests;
			sourceTree = "<group>";
		};
/* End PBXFileSystemSynchronizedRootGroup section */

/* Begin PBXFrameworksBuildPhase section */
		A34521D42EE86FB0009BD6EA /* Frameworks */ = {
			isa = PBXFrameworksBuildPhase;
			buildActionMask = 2147483647;
			files = (
			);
			runOnlyForDeploymentPostprocessing = 0;
		};
		A34521E52EE86FB2009BD6EA /* Frameworks */ = {
			isa = PBXFrameworksBuildPhase;
			buildActionMask = 2147483647;
			files = (
			);
			runOnlyForDeploymentPostprocessing = 0;
		};
		A34521EF2EE86FB2009BD6EA /* Frameworks */ = {
			isa = PBXFrameworksBuildPhase;
			buildActionMask = 2147483647;
			files = (
			);
			runOnlyForDeploymentPostprocessing = 0;
		};
/* End PBXFrameworksBuildPhase section */

/* Begin PBXGroup section */
		A34521CE2EE86FB0009BD6EA = {
			isa = PBXGroup;
			children = (
				A34521D92EE86FB0009BD6EA /* Stepordle */,
				A34521EB2EE86FB2009BD6EA /* StepordleTests */,
				A34521F52EE86FB2009BD6EA /* StepordleUITests */,
				A34521D82EE86FB0009BD6EA /* Products */,
				A34522142EE87434009BD6EA /* POLISH_IMPROVEMENTS.md */,
				A3DFA9FA2EEE3FC200620718 /* UI_IMPROVEMENTS.md */,
				A3DFA9FC2EEE45F600620718 /* DAILY_CASE_TRACKING.md */,
				A3DFA9FE2EEE47FF00620718 /* UI_REFINEMENTS.md */,
				A3DFAA002EEE490900620718 /* PRE_LAUNCH_CHECKLIST.md */,
				A3DFAA022EEE493C00620718 /* AnalyticsManager.swift */,
				A3DFAA042EEE495100620718 /* OnboardingView.swift */,
				A3DFAA062EEE49B800620718 /* LAUNCH_GUIDE.md */,
				A3FEDEA62EF37B11004501F8 /* HapticManager.swift */,
				A3FEDEA82EF37B57004501F8 /* ShareManager.swift */,
			);
			sourceTree = "<group>";
		};
		A34521D82EE86FB0009BD6EA /* Products */ = {
			isa = PBXGroup;
			children = (
				A34521D72EE86FB0009BD6EA /* Stepordle.app */,
				A34521E82EE86FB2009BD6EA /* StepordleTests.xctest */,
				A34521F22EE86FB2009BD6EA /* StepordleUITests.xctest */,
			);
			name = Products;
			sourceTree = "<group>";
		};
/* End PBXGroup section */

/* Begin PBXNativeTarget section */
		A34521D62EE86FB0009BD6EA /* Stepordle */ = {
			isa = PBXNativeTarget;
			buildConfigurationList = A34521FB2EE86FB2009BD6EA /* Build configuration list for PBXNativeTarget "Stepordle" */;
			buildPhases = (
				A34521D32EE86FB0009BD6EA /* Sources */,
				A34521D42EE86FB0009BD6EA /* Frameworks */,
				A34521D52EE86FB0009BD6EA /* Resources */,
			);
			buildRules = (
			);
			dependencies = (
			);
			fileSystemSynchronizedGroups = (
				A34521D92EE86FB0009BD6EA /* Stepordle */,
			);
			name = Stepordle;
			packageProductDependencies = (
			);
			productName = Stepordle;
			productReference = A34521D72EE86FB0009BD6EA /* Stepordle.app */;
			productType = "com.apple.product-type.application";
		};
		A34521E72EE86FB2009BD6EA /* StepordleTests */ = {
			isa = PBXNativeTarget;
			buildConfigurationList = A34522002EE86FB2009BD6EA /* Build configuration list for PBXNativeTarget "StepordleTests" */;
			buildPhases = (
				A34521E42EE86FB2009BD6EA /* Sources */,
				A34521E52EE86FB2009BD6EA /* Frameworks */,
				A34521E62EE86FB2009BD6EA /* Resources */,
			);
			buildRules = (
			);
			dependencies = (
				A34521EA2EE86FB2009BD6EA /* PBXTargetDependency */,
			);
			fileSystemSynchronizedGroups = (
				A34521EB2EE86FB2009BD6EA /* StepordleTests */,
			);
			name = StepordleTests;
			packageProductDependencies = (
			);
			productName = StepordleTests;
			productReference = A34521E82EE86FB2009BD6EA /* StepordleTests.xctest */;
			productType = "com.apple.product-type.bundle.unit-test";
		};
		A34521F12EE86FB2009BD6EA /* StepordleUITests */ = {
			isa = PBXNativeTarget;
			buildConfigurationList = A34522032EE86FB2009BD6EA /* Build configuration list for PBXNativeTarget "StepordleUITests" */;
			buildPhases = (
				A34521EE2EE86FB2009BD6EA /* Sources */,
				A34521EF2EE86FB2009BD6EA /* Frameworks */,
				A34521F02EE86FB2009BD6EA /* Resources */,
			);
			buildRules = (
			);
			dependencies = (
				A34521F42EE86FB2009BD6EA /* PBXTargetDependency */,
			);
			fileSystemSynchronizedGroups = (
				A34521F52EE86FB2009BD6EA /* StepordleUITests */,
			);
			name = StepordleUITests;
			packageProductDependencies = (
			);
			productName = StepordleUITests;
			productReference = A34521F22EE86FB2009BD6EA /* StepordleUITests.xctest */;
			productType = "com.apple.product-type.bundle.ui-testing";
		};
/* End PBXNativeTarget section */

/* Begin PBXProject section */
		A34521CF2EE86FB0009BD6EA /* Project object */ = {
			isa = PBXProject;
			attributes = {
				BuildIndependentTargetsInParallel = 1;
				LastSwiftUpdateCheck = 2610;
				LastUpgradeCheck = 2610;
				TargetAttributes = {
					A34521D62EE86FB0009BD6EA = {
						CreatedOnToolsVersion = 26.1.1;
					};
					A34521E72EE86FB2009BD6EA = {
						CreatedOnToolsVersion = 26.1.1;
						TestTargetID = A34521D62EE86FB0009BD6EA;
					};
					A34521F12EE86FB2009BD6EA = {
						CreatedOnToolsVersion = 26.1.1;
						TestTargetID = A34521D62EE86FB0009BD6EA;
					};
				};
			};
			buildConfigurationList = A34521D22EE86FB0009BD6EA /* Build configuration list for PBXProject "Stepordle" */;
			developmentRegion = en;
			hasScannedForEncodings = 0;
			knownRegions = (
				en,
				Base,
			);
			mainGroup = A34521CE2EE86FB0009BD6EA;
			minimizedProjectReferenceProxies = 1;
			preferredProjectObjectVersion = 77;
			productRefGroup = A34521D82EE86FB0009BD6EA /* Products */;
			projectDirPath = "";
			projectRoot = "";
			targets = (
				A34521D62EE86FB0009BD6EA /* Stepordle */,
				A34521E72EE86FB2009BD6EA /* StepordleTests */,
				A34521F12EE86FB2009BD6EA /* StepordleUITests */,
			);
		};
/* End PBXProject section */

/* Begin PBXResourcesBuildPhase section */
		A34521D52EE86FB0009BD6EA /* Resources */ = {
			isa = PBXResourcesBuildPhase;
			buildActionMask = 2147483647;
			files = (
				A34522152EE87434009BD6EA /* POLISH_IMPROVEMENTS.md in Resources */,
				A3DFA9FB2EEE3FC200620718 /* UI_IMPROVEMENTS.md in Resources */,
				A3DFA9FD2EEE45F600620718 /* DAILY_CASE_TRACKING.md in Resources */,
				A3DFAA012EEE490900620718 /* PRE_LAUNCH_CHECKLIST.md in Resources */,
				A3DFAA072EEE49B800620718 /* LAUNCH_GUIDE.md in Resources */,
				A3DFA9FF2EEE47FF00620718 /* UI_REFINEMENTS.md in Resources */,
			);
			runOnlyForDeploymentPostprocessing = 0;
		};
		A34521E62EE86FB2009BD6EA /* Resources */ = {
			isa = PBXResourcesBuildPhase;
			buildActionMask = 2147483647;
			files = (
			);
			runOnlyForDeploymentPostprocessing = 0;
		};
		A34521F02EE86FB2009BD6EA /* Resources */ = {
			isa = PBXResourcesBuildPhase;
			buildActionMask = 2147483647;
			files = (
			);
			runOnlyForDeploymentPostprocessing = 0;
		};
/* End PBXResourcesBuildPhase section */

/* Begin PBXSourcesBuildPhase section */
		A34521D32EE86FB0009BD6EA /* Sources */ = {
			isa = PBXSourcesBuildPhase;
			buildActionMask = 2147483647;
			files = (
				A3DFAA032EEE493C00620718 /* AnalyticsManager.swift in Sources */,
				A3DFAA052EEE495100620718 /* OnboardingView.swift in Sources */,
				A3FEDEA72EF37B11004501F8 /* HapticManager.swift in Sources */,
				A3FEDEA92EF37B57004501F8 /* ShareManager.swift in Sources */,
			);
			runOnlyForDeploymentPostprocessing = 0;
		};
		A34521E42EE86FB2009BD6EA /* Sources */ = {
			isa = PBXSourcesBuildPhase;
			buildActionMask = 2147483647;
			files = (
			);
			runOnlyForDeploymentPostprocessing = 0;
		};
		A34521EE2EE86FB2009BD6EA /* Sources */ = {
			isa = PBXSourcesBuildPhase;
			buildActionMask = 2147483647;
			files = (
			);
			runOnlyForDeploymentPostprocessing = 0;
		};
/* End PBXSourcesBuildPhase section */

/* Begin PBXTargetDependency section */
		A34521EA2EE86FB2009BD6EA /* PBXTargetDependency */ = {
			isa = PBXTargetDependency;
			target = A34521D62EE86FB0009BD6EA /* Stepordle */;
			targetProxy = A34521E92EE86FB2009BD6EA /* PBXContainerItemProxy */;
		};
		A34521F42EE86FB2009BD6EA /* PBXTargetDependency */ = {
			isa = PBXTargetDependency;
			target = A34521D62EE86FB0009BD6EA /* Stepordle */;
			targetProxy = A34521F32EE86FB2009BD6EA /* PBXContainerItemProxy */;
		};
/* End PBXTargetDependency section */

/* Begin XCBuildConfiguration section */
		A34521FC2EE86FB2009BD6EA /* Debug */ = {
			isa = XCBuildConfiguration;
			buildSettings = {
				ASSETCATALOG_COMPILER_APPICON_NAME = AppIcon;
				ASSETCATALOG_COMPILER_GLOBAL_ACCENT_COLOR_NAME = AccentColor;
				ASSETCATALOG_COMPILER_INCLUDE_ALL_APPICON_ASSETS = YES;
				CODE_SIGN_ENTITLEMENTS = Stepordle/Stepordle.entitlements;
				CODE_SIGN_STYLE = Automatic;
				CURRENT_PROJECT_VERSION = 1;
				DEVELOPMENT_TEAM = 2878AH8NC2;
				ENABLE_PREVIEWS = YES;
				GENERATE_INFOPLIST_FILE = YES;
				INFOPLIST_FILE = Stepordle/Info.plist;
				INFOPLIST_KEY_UIApplicationSceneManifest_Generation = YES;
				INFOPLIST_KEY_UIApplicationSupportsIndirectInputEvents = YES;
				INFOPLIST_KEY_UILaunchScreen_Generation = YES;
				INFOPLIST_KEY_UILaunchStoryboardName = "/Users/alimirza/Downloads/Screenshot 2025-12-13 at 8.40.19 PM.png";
				INFOPLIST_KEY_UISupportedInterfaceOrientations_iPad = "UIInterfaceOrientationPortrait UIInterfaceOrientationPortraitUpsideDown UIInterfaceOrientationLandscapeLeft UIInterfaceOrientationLandscapeRight";
				INFOPLIST_KEY_UISupportedInterfaceOrientations_iPhone = "UIInterfaceOrientationPortrait UIInterfaceOrientationLandscapeLeft UIInterfaceOrientationLandscapeRight";
				LD_RUNPATH_SEARCH_PATHS = (
					"$(inherited)",
					"@executable_path/Frameworks",
				);
				MARKETING_VERSION = 1.0;
				PRODUCT_BUNDLE_IDENTIFIER = AliMirza.Stepordle;
				PRODUCT_NAME = "$(TARGET_NAME)";
				STRING_CATALOG_GENERATE_SYMBOLS = YES;
				SUPPORTED_PLATFORMS = "iphoneos iphonesimulator";
				SUPPORTS_MACCATALYST = NO;
				SUPPORTS_MAC_DESIGNED_FOR_IPHONE_IPAD = NO;
				SUPPORTS_XR_DESIGNED_FOR_IPHONE_IPAD = NO;
				SWIFT_APPROACHABLE_CONCURRENCY = YES;
				SWIFT_DEFAULT_ACTOR_ISOLATION = MainActor;
				SWIFT_EMIT_LOC_STRINGS = YES;
				SWIFT_UPCOMING_FEATURE_MEMBER_IMPORT_VISIBILITY = YES;
				SWIFT_VERSION = 5.0;
				TARGETED_DEVICE_FAMILY = 1;
			};
			name = Debug;
		};
		A34521FD2EE86FB2009BD6EA /* Release */ = {
			isa = XCBuildConfiguration;
			buildSettings = {
				ASSETCATALOG_COMPILER_APPICON_NAME = AppIcon;
				ASSETCATALOG_COMPILER_GLOBAL_ACCENT_COLOR_NAME = AccentColor;
				ASSETCATALOG_COMPILER_INCLUDE_ALL_APPICON_ASSETS = YES;
				CODE_SIGN_ENTITLEMENTS = Stepordle/Stepordle.entitlements;
				CODE_SIGN_STYLE = Automatic;
				CURRENT_PROJECT_VERSION = 1;
				DEVELOPMENT_TEAM = 2878AH8NC2;
				ENABLE_PREVIEWS = YES;
				GENERATE_INFOPLIST_FILE = YES;
				INFOPLIST_FILE = Stepordle/Info.plist;
				INFOPLIST_KEY_UIApplicationSceneManifest_Generation = YES;
				INFOPLIST_KEY_UIApplicationSupportsIndirectInputEvents = YES;
				INFOPLIST_KEY_UILaunchScreen_Generation = YES;
				INFOPLIST_KEY_UILaunchStoryboardName = "/Users/alimirza/Downloads/Screenshot 2025-12-13 at 8.40.19 PM.png";
				INFOPLIST_KEY_UISupportedInterfaceOrientations_iPad = "UIInterfaceOrientationPortrait UIInterfaceOrientationPortraitUpsideDown UIInterfaceOrientationLandscapeLeft UIInterfaceOrientationLandscapeRight";
				INFOPLIST_KEY_UISupportedInterfaceOrientations_iPhone = "UIInterfaceOrientationPortrait UIInterfaceOrientationLandscapeLeft UIInterfaceOrientationLandscapeRight";
				LD_RUNPATH_SEARCH_PATHS = (
					"$(inherited)",
					"@executable_path/Frameworks",
				);
				MARKETING_VERSION = 1.0;
				PRODUCT_BUNDLE_IDENTIFIER = AliMirza.Stepordle;
				PRODUCT_NAME = "$(TARGET_NAME)";
				STRING_CATALOG_GENERATE_SYMBOLS = YES;
				SUPPORTED_PLATFORMS = "iphoneos iphonesimulator";
				SUPPORTS_MACCATALYST = NO;
				SUPPORTS_MAC_DESIGNED_FOR_IPHONE_IPAD = NO;
				SUPPORTS_XR_DESIGNED_FOR_IPHONE_IPAD = NO;
				SWIFT_APPROACHABLE_CONCURRENCY = YES;
				SWIFT_DEFAULT_ACTOR_ISOLATION = MainActor;
				SWIFT_EMIT_LOC_STRINGS = YES;
				SWIFT_UPCOMING_FEATURE_MEMBER_IMPORT_VISIBILITY = YES;
				SWIFT_VERSION = 5.0;
				TARGETED_DEVICE_FAMILY = 1;
			};
			name = Release;
		};
		A34521FE2EE86FB2009BD6EA /* Debug */ = {
			isa = XCBuildConfiguration;
			buildSettings = {
				ALWAYS_SEARCH_USER_PATHS = NO;
				ASSETCATALOG_COMPILER_GENERATE_SWIFT_ASSET_SYMBOL_EXTENSIONS = YES;
				CLANG_ANALYZER_NONNULL = YES;
				CLANG_ANALYZER_NUMBER_OBJECT_CONVERSION = YES_AGGRESSIVE;
				CLANG_CXX_LANGUAGE_STANDARD = "gnu++20";
				CLANG_ENABLE_MODULES = YES;
				CLANG_ENABLE_OBJC_ARC = YES;
				CLANG_ENABLE_OBJC_WEAK = YES;
				CLANG_WARN_BLOCK_CAPTURE_AUTORELEASING = YES;
				CLANG_WARN_BOOL_CONVERSION = YES;
				CLANG_WARN_COMMA = YES;
				CLANG_WARN_CONSTANT_CONVERSION = YES;
				CLANG_WARN_DEPRECATED_OBJC_IMPLEMENTATIONS = YES;
				CLANG_WARN_DIRECT_OBJC_ISA_USAGE = YES_ERROR;
				CLANG_WARN_DOCUMENTATION_COMMENTS = YES;
				CLANG_WARN_EMPTY_BODY = YES;
				CLANG_WARN_ENUM_CONVERSION = YES;
				CLANG_WARN_INFINITE_RECURSION = YES;
				CLANG_WARN_INT_CONVERSION = YES;
				CLANG_WARN_NON_LITERAL_NULL_CONVERSION = YES;
				CLANG_WARN_OBJC_IMPLICIT_RETAIN_SELF = YES;
				CLANG_WARN_OBJC_LITERAL_CONVERSION = YES;
				CLANG_WARN_OBJC_ROOT_CLASS = YES_ERROR;
				CLANG_WARN_QUOTED_INCLUDE_IN_FRAMEWORK_HEADER = YES;
				CLANG_WARN_RANGE_LOOP_ANALYSIS = YES;
				CLANG_WARN_STRICT_PROTOTYPES = YES;
				CLANG_WARN_SUSPICIOUS_MOVE = YES;
				CLANG_WARN_UNGUARDED_AVAILABILITY = YES_AGGRESSIVE;
				CLANG_WARN_UNREACHABLE_CODE = YES;
				CLANG_WARN__DUPLICATE_METHOD_MATCH = YES;
				COPY_PHASE_STRIP = NO;
				DEBUG_INFORMATION_FORMAT = dwarf;
				DEVELOPMENT_TEAM = 2878AH8NC2;
				ENABLE_STRICT_OBJC_MSGSEND = YES;
				ENABLE_TESTABILITY = YES;
				ENABLE_USER_SCRIPT_SANDBOXING = YES;
				GCC_C_LANGUAGE_STANDARD = gnu17;
				GCC_DYNAMIC_NO_PIC = NO;
				GCC_NO_COMMON_BLOCKS = YES;
				GCC_OPTIMIZATION_LEVEL = 0;
				GCC_PREPROCESSOR_DEFINITIONS = (
					"DEBUG=1",
					"$(inherited)",
				);
				GCC_WARN_64_TO_32_BIT_CONVERSION = YES;
				GCC_WARN_ABOUT_RETURN_TYPE = YES_ERROR;
				GCC_WARN_UNDECLARED_SELECTOR = YES;
				GCC_WARN_UNINITIALIZED_AUTOS = YES_AGGRESSIVE;
				GCC_WARN_UNUSED_FUNCTION = YES;
				GCC_WARN_UNUSED_VARIABLE = YES;
				IPHONEOS_DEPLOYMENT_TARGET = 26.1;
				LOCALIZATION_PREFERS_STRING_CATALOGS = YES;
				MTL_ENABLE_DEBUG_INFO = INCLUDE_SOURCE;
				MTL_FAST_MATH = YES;
				ONLY_ACTIVE_ARCH = YES;
				SDKROOT = iphoneos;
				SWIFT_ACTIVE_COMPILATION_CONDITIONS = "DEBUG $(inherited)";
				SWIFT_OPTIMIZATION_LEVEL = "-Onone";
			};
			name = Debug;
		};
		A34521FF2EE86FB2009BD6EA /* Release */ = {
			isa = XCBuildConfiguration;
			buildSettings = {
				ALWAYS_SEARCH_USER_PATHS = NO;
				ASSETCATALOG_COMPILER_GENERATE_SWIFT_ASSET_SYMBOL_EXTENSIONS = YES;
				CLANG_ANALYZER_NONNULL = YES;
				CLANG_ANALYZER_NUMBER_OBJECT_CONVERSION = YES_AGGRESSIVE;
				CLANG_CXX_LANGUAGE_STANDARD = "gnu++20";
				CLANG_ENABLE_MODULES = YES;
				CLANG_ENABLE_OBJC_ARC = YES;
				CLANG_ENABLE_OBJC_WEAK = YES;
				CLANG_WARN_BLOCK_CAPTURE_AUTORELEASING = YES;
				CLANG_WARN_BOOL_CONVERSION = YES;
				CLANG_WARN_COMMA = YES;
				CLANG_WARN_CONSTANT_CONVERSION = YES;
				CLANG_WARN_DEPRECATED_OBJC_IMPLEMENTATIONS = YES;
				CLANG_WARN_DIRECT_OBJC_ISA_USAGE = YES_ERROR;
				CLANG_WARN_DOCUMENTATION_COMMENTS = YES;
				CLANG_WARN_EMPTY_BODY = YES;
				CLANG_WARN_ENUM_CONVERSION = YES;
				CLANG_WARN_INFINITE_RECURSION = YES;
				CLANG_WARN_INT_CONVERSION = YES;
				CLANG_WARN_NON_LITERAL_NULL_CONVERSION = YES;
				CLANG_WARN_OBJC_IMPLICIT_RETAIN_SELF = YES;
				CLANG_WARN_OBJC_LITERAL_CONVERSION = YES;
				CLANG_WARN_OBJC_ROOT_CLASS = YES_ERROR;
				CLANG_WARN_QUOTED_INCLUDE_IN_FRAMEWORK_HEADER = YES;
				CLANG_WARN_RANGE_LOOP_ANALYSIS = YES;
				CLANG_WARN_STRICT_PROTOTYPES = YES;
				CLANG_WARN_SUSPICIOUS_MOVE = YES;
				CLANG_WARN_UNGUARDED_AVAILABILITY = YES_AGGRESSIVE;
				CLANG_WARN_UNREACHABLE_CODE = YES;
				CLANG_WARN__DUPLICATE_METHOD_MATCH = YES;
				COPY_PHASE_STRIP = NO;
				DEBUG_INFORMATION_FORMAT = "dwarf-with-dsym";
				DEVELOPMENT_TEAM = 2878AH8NC2;
				ENABLE_NS_ASSERTIONS = NO;
				ENABLE_STRICT_OBJC_MSGSEND = YES;
				ENABLE_USER_SCRIPT_SANDBOXING = YES;
				GCC_C_LANGUAGE_STANDARD = gnu17;
				GCC_NO_COMMON_BLOCKS = YES;
				GCC_WARN_64_TO_32_BIT_CONVERSION = YES;
				GCC_WARN_ABOUT_RETURN_TYPE = YES_ERROR;
				GCC_WARN_UNDECLARED_SELECTOR = YES;
				GCC_WARN_UNINITIALIZED_AUTOS = YES_AGGRESSIVE;
				GCC_WARN_UNUSED_FUNCTION = YES;
				GCC_WARN_UNUSED_VARIABLE = YES;
				IPHONEOS_DEPLOYMENT_TARGET = 26.1;
				LOCALIZATION_PREFERS_STRING_CATALOGS = YES;
				MTL_ENABLE_DEBUG_INFO = NO;
				MTL_FAST_MATH = YES;
				SDKROOT = iphoneos;
				SWIFT_COMPILATION_MODE = wholemodule;
				VALIDATE_PRODUCT = YES;
			};
			name = Release;
		};
		A34522012EE86FB2009BD6EA /* Debug */ = {
			isa = XCBuildConfiguration;
			buildSettings = {
				BUNDLE_LOADER = "$(TEST_HOST)";
				CODE_SIGN_STYLE = Automatic;
				CURRENT_PROJECT_VERSION = 1;
				DEVELOPMENT_TEAM = 2878AH8NC2;
				GENERATE_INFOPLIST_FILE = YES;
				IPHONEOS_DEPLOYMENT_TARGET = 26.1;
				MARKETING_VERSION = 1.0;
				PRODUCT_BUNDLE_IDENTIFIER = AliMirza.StepordleTests;
				PRODUCT_NAME = "$(TARGET_NAME)";
				STRING_CATALOG_GENERATE_SYMBOLS = NO;
				SWIFT_APPROACHABLE_CONCURRENCY = YES;
				SWIFT_EMIT_LOC_STRINGS = NO;
				SWIFT_UPCOMING_FEATURE_MEMBER_IMPORT_VISIBILITY = YES;
				SWIFT_VERSION = 5.0;
				TARGETED_DEVICE_FAMILY = "1,2";
				TEST_HOST = "$(BUILT_PRODUCTS_DIR)/Stepordle.app/$(BUNDLE_EXECUTABLE_FOLDER_PATH)/Stepordle";
			};
			name = Debug;
		};
		A34522022EE86FB2009BD6EA /* Release */ = {
			isa = XCBuildConfiguration;
			buildSettings = {
				BUNDLE_LOADER = "$(TEST_HOST)";
				CODE_SIGN_STYLE = Automatic;
				CURRENT_PROJECT_VERSION = 1;
				DEVELOPMENT_TEAM = 2878AH8NC2;
				GENERATE_INFOPLIST_FILE = YES;
				IPHONEOS_DEPLOYMENT_TARGET = 26.1;
				MARKETING_VERSION = 1.0;
				PRODUCT_BUNDLE_IDENTIFIER = AliMirza.StepordleTests;
				PRODUCT_NAME = "$(TARGET_NAME)";
				STRING_CATALOG_GENERATE_SYMBOLS = NO;
				SWIFT_APPROACHABLE_CONCURRENCY = YES;
				SWIFT_EMIT_LOC_STRINGS = NO;
				SWIFT_UPCOMING_FEATURE_MEMBER_IMPORT_VISIBILITY = YES;
				SWIFT_VERSION = 5.0;
				TARGETED_DEVICE_FAMILY = "1,2";
				TEST_HOST = "$(BUILT_PRODUCTS_DIR)/Stepordle.app/$(BUNDLE_EXECUTABLE_FOLDER_PATH)/Stepordle";
			};
			name = Release;
		};
		A34522042EE86FB2009BD6EA /* Debug */ = {
			isa = XCBuildConfiguration;
			buildSettings = {
				CODE_SIGN_STYLE = Automatic;
				CURRENT_PROJECT_VERSION = 1;
				DEVELOPMENT_TEAM = 2878AH8NC2;
				GENERATE_INFOPLIST_FILE = YES;
				MARKETING_VERSION = 1.0;
				PRODUCT_BUNDLE_IDENTIFIER = AliMirza.StepordleUITests;
				PRODUCT_NAME = "$(TARGET_NAME)";
				STRING_CATALOG_GENERATE_SYMBOLS = NO;
				SWIFT_APPROACHABLE_CONCURRENCY = YES;
				SWIFT_EMIT_LOC_STRINGS = NO;
				SWIFT_UPCOMING_FEATURE_MEMBER_IMPORT_VISIBILITY = YES;
				SWIFT_VERSION = 5.0;
				TARGETED_DEVICE_FAMILY = "1,2";
				TEST_TARGET_NAME = Stepordle;
			};
			name = Debug;
		};
		A34522052EE86FB2009BD6EA /* Release */ = {
			isa = XCBuildConfiguration;
			buildSettings = {
				CODE_SIGN_STYLE = Automatic;
				CURRENT_PROJECT_VERSION = 1;
				DEVELOPMENT_TEAM = 2878AH8NC2;
				GENERATE_INFOPLIST_FILE = YES;
				MARKETING_VERSION = 1.0;
				PRODUCT_BUNDLE_IDENTIFIER = AliMirza.StepordleUITests;
				PRODUCT_NAME = "$(TARGET_NAME)";
				STRING_CATALOG_GENERATE_SYMBOLS = NO;
				SWIFT_APPROACHABLE_CONCURRENCY = YES;
				SWIFT_EMIT_LOC_STRINGS = NO;
				SWIFT_UPCOMING_FEATURE_MEMBER_IMPORT_VISIBILITY = YES;
				SWIFT_VERSION = 5.0;
				TARGETED_DEVICE_FAMILY = "1,2";
				TEST_TARGET_NAME = Stepordle;
			};
			name = Release;
		};
/* End XCBuildConfiguration section */

/* Begin XCConfigurationList section */
		A34521D22EE86FB0009BD6EA /* Build configuration list for PBXProject "Stepordle" */ = {
			isa = XCConfigurationList;
			buildConfigurations = (
				A34521FE2EE86FB2009BD6EA /* Debug */,
				A34521FF2EE86FB2009BD6EA /* Release */,
			);
			defaultConfigurationIsVisible = 0;
			defaultConfigurationName = Release;
		};
		A34521FB2EE86FB2009BD6EA /* Build configuration list for PBXNativeTarget "Stepordle" */ = {
			isa = XCConfigurationList;
			buildConfigurations = (
				A34521FC2EE86FB2009BD6EA /* Debug */,
				A34521FD2EE86FB2009BD6EA /* Release */,
			);
			defaultConfigurationIsVisible = 0;
			defaultConfigurationName = Release;
		};
		A34522002EE86FB2009BD6EA /* Build configuration list for PBXNativeTarget "StepordleTests" */ = {
			isa = XCConfigurationList;
			buildConfigurations = (
				A34522012EE86FB2009BD6EA /* Debug */,
				A34522022EE86FB2009BD6EA /* Release */,
			);
			defaultConfigurationIsVisible = 0;
			defaultConfigurationName = Release;
		};
		A34522032EE86FB2009BD6EA /* Build configuration list for PBXNativeTarget "StepordleUITests" */ = {
			isa = XCConfigurationList;
			buildConfigurations = (
				A34522042EE86FB2009BD6EA /* Debug */,
				A34522052EE86FB2009BD6EA /* Release */,
			);
			defaultConfigurationIsVisible = 0;
			defaultConfigurationName = Release;
		};
/* End XCConfigurationList section */
	};
	rootObject = A34521CF2EE86FB0009BD6EA /* Project object */;
}
